
Microsoft Visual Studio Solution File, Format Version 12.00
# Visual Studio Version 17
VisualStudioVersion = 17.11.35208.52
MinimumVisualStudioVersion = 10.0.40219.1
Project("{FAE04EC0-301F-11D3-BF4B-00C04F79EFBC}") = "ListaEnlazaSimple", "ListaEnlazaSimple\ListaEnlazaSimple.csproj", "{BA148121-BB7E-4356-8E1B-BA830652A1F0}"
EndProject
Project("{FAE04EC0-301F-11D3-BF4B-00C04F79EFBC}") = "ListaDoble", "ListaDoble\ListaDoble.csproj", "{8AAD1BDD-E1DB-44C0-8B1A-45E3B0DAA2D0}"
EndProject
Project("{FAE04EC0-301F-11D3-BF4B-00C04F79EFBC}") = "ListaCircular", "ListaCircular\ListaCircular.csproj", "{E1C2EBCA-0AA1-4DAF-B917-D268529E3AF8}"
EndProject
Project("{FAE04EC0-301F-11D3-BF4B-00C04F79EFBC}") = "Cola", "Cola\Cola.csproj", "{BA68607F-06AB-4FEF-9627-4B6831097D74}"
EndProject
Project("{FAE04EC0-301F-11D3-BF4B-00C04F79EFBC}") = "ArbolBinario", "ArbolBinario\ArbolBinario.csproj", "{CAC37764-2E17-4F4D-8FBC-DB2FFAF49B84}"
EndProject
Project("{FAE04EC0-301F-11D3-BF4B-00C04F79EFBC}") = "ArbolBinarioBusqueda", "ArbolBinarioBusqueda\ArbolBinarioBusqueda.csproj", "{5151A5DA-087C-4533-87D4-45D6AC7A2656}"
EndProject
Project("{FAE04EC0-301F-11D3-BF4B-00C04F79EFBC}") = "ArbolBinarioBusquedaEliminar", "ArbolBinarioBusquedaEliminar\ArbolBinarioBusquedaEliminar.csproj", "{73BF3D9E-3F01-4101-AB5F-09DEC5D44037}"
EndProject
Project("{FAE04EC0-301F-11D3-BF4B-00C04F79EFBC}") = "ABBCompleto", "ABBCompleto\ABBCompleto.csproj", "{6D70528B-4F6E-4644-A42F-85CCC6B614A6}"
EndProject
Project("{FAE04EC0-301F-11D3-BF4B-00C04F79EFBC}") = "GrafoMatrizAdyacencia", "GrafoMatrizAdyacencia\GrafoMatrizAdyacencia.csproj", "{BA5C3E01-A544-4EF8-80B4-ECAF7538F08D}"
EndProject
Project("{FAE04EC0-301F-11D3-BF4B-00C04F79EFBC}") = "GrafoDijsktra", "GrafoDijsktra\GrafoDijsktra.csproj", "{A0E5689E-E7F0-4E51-AD3E-BEA9F601D11F}"
EndProject
Project("{FAE04EC0-301F-11D3-BF4B-00C04F79EFBC}") = "GrafoFloyWarshall", "GrafoFloyWarshall\GrafoFloyWarshall.csproj", "{BEF94DE7-50CF-4950-98A6-93C793565402}"
EndProject
Project("{FAE04EC0-301F-11D3-BF4B-00C04F79EFBC}") = "GrafoPrim", "GrafoPrim\GrafoPrim.csproj", "{119A73B4-CE93-45C0-A2BE-5925BE10EAC4}"
EndProject
Global
	GlobalSection(SolutionConfigurationPlatforms) = preSolution
		Debug|Any CPU = Debug|Any CPU
		Release|Any CPU = Release|Any CPU
	EndGlobalSection
	GlobalSection(ProjectConfigurationPlatforms) = postSolution
		{BA148121-BB7E-4356-8E1B-BA830652A1F0}.Debug|Any CPU.ActiveCfg = Debug|Any CPU
		{BA148121-BB7E-4356-8E1B-BA830652A1F0}.Debug|Any CPU.Build.0 = Debug|Any CPU
		{BA148121-BB7E-4356-8E1B-BA830652A1F0}.Release|Any CPU.ActiveCfg = Release|Any CPU
		{BA148121-BB7E-4356-8E1B-BA830652A1F0}.Release|Any CPU.Build.0 = Release|Any CPU
		{8AAD1BDD-E1DB-44C0-8B1A-45E3B0DAA2D0}.Debug|Any CPU.ActiveCfg = Debug|Any CPU
		{8AAD1BDD-E1DB-44C0-8B1A-45E3B0DAA2D0}.Debug|Any CPU.Build.0 = Debug|Any CPU
		{8AAD1BDD-E1DB-44C0-8B1A-45E3B0DAA2D0}.Release|Any CPU.ActiveCfg = Release|Any CPU
		{8AAD1BDD-E1DB-44C0-8B1A-45E3B0DAA2D0}.Release|Any CPU.Build.0 = Release|Any CPU
		{E1C2EBCA-0AA1-4DAF-B917-D268529E3AF8}.Debug|Any CPU.ActiveCfg = Debug|Any CPU
		{E1C2EBCA-0AA1-4DAF-B917-D268529E3AF8}.Debug|Any CPU.Build.0 = Debug|Any CPU
		{E1C2EBCA-0AA1-4DAF-B917-D268529E3AF8}.Release|Any CPU.ActiveCfg = Release|Any CPU
		{E1C2EBCA-0AA1-4DAF-B917-D268529E3AF8}.Release|Any CPU.Build.0 = Release|Any CPU
		{BA68607F-06AB-4FEF-9627-4B6831097D74}.Debug|Any CPU.ActiveCfg = Debug|Any CPU
		{BA68607F-06AB-4FEF-9627-4B6831097D74}.Debug|Any CPU.Build.0 = Debug|Any CPU
		{BA68607F-06AB-4FEF-9627-4B6831097D74}.Release|Any CPU.ActiveCfg = Release|Any CPU
		{BA68607F-06AB-4FEF-9627-4B6831097D74}.Release|Any CPU.Build.0 = Release|Any CPU
		{CAC37764-2E17-4F4D-8FBC-DB2FFAF49B84}.Debug|Any CPU.ActiveCfg = Debug|Any CPU
		{CAC37764-2E17-4F4D-8FBC-DB2FFAF49B84}.Debug|Any CPU.Build.0 = Debug|Any CPU
		{CAC37764-2E17-4F4D-8FBC-DB2FFAF49B84}.Release|Any CPU.ActiveCfg = Release|Any CPU
		{CAC37764-2E17-4F4D-8FBC-DB2FFAF49B84}.Release|Any CPU.Build.0 = Release|Any CPU
		{5151A5DA-087C-4533-87D4-45D6AC7A2656}.Debug|Any CPU.ActiveCfg = Debug|Any CPU
		{5151A5DA-087C-4533-87D4-45D6AC7A2656}.Debug|Any CPU.Build.0 = Debug|Any CPU
		{5151A5DA-087C-4533-87D4-45D6AC7A2656}.Release|Any CPU.ActiveCfg = Release|Any CPU
		{5151A5DA-087C-4533-87D4-45D6AC7A2656}.Release|Any CPU.Build.0 = Release|Any CPU
		{73BF3D9E-3F01-4101-AB5F-09DEC5D44037}.Debug|Any CPU.ActiveCfg = Debug|Any CPU
		{73BF3D9E-3F01-4101-AB5F-09DEC5D44037}.Debug|Any CPU.Build.0 = Debug|Any CPU
		{73BF3D9E-3F01-4101-AB5F-09DEC5D44037}.Release|Any CPU.ActiveCfg = Release|Any CPU
		{73BF3D9E-3F01-4101-AB5F-09DEC5D44037}.Release|Any CPU.Build.0 = Release|Any CPU
		{6D70528B-4F6E-4644-A42F-85CCC6B614A6}.Debug|Any CPU.ActiveCfg = Debug|Any CPU
		{6D70528B-4F6E-4644-A42F-85CCC6B614A6}.Debug|Any CPU.Build.0 = Debug|Any CPU
		{6D70528B-4F6E-4644-A42F-85CCC6B614A6}.Release|Any CPU.ActiveCfg = Release|Any CPU
		{6D70528B-4F6E-4644-A42F-85CCC6B614A6}.Release|Any CPU.Build.0 = Release|Any CPU
		{BA5C3E01-A544-4EF8-80B4-ECAF7538F08D}.Debug|Any CPU.ActiveCfg = Debug|Any CPU
		{BA5C3E01-A544-4EF8-80B4-ECAF7538F08D}.Debug|Any CPU.Build.0 = Debug|Any CPU
		{BA5C3E01-A544-4EF8-80B4-ECAF7538F08D}.Release|Any CPU.ActiveCfg = Release|Any CPU
		{BA5C3E01-A544-4EF8-80B4-ECAF7538F08D}.Release|Any CPU.Build.0 = Release|Any CPU
		{A0E5689E-E7F0-4E51-AD3E-BEA9F601D11F}.Debug|Any CPU.ActiveCfg = Debug|Any CPU
		{A0E5689E-E7F0-4E51-AD3E-BEA9F601D11F}.Debug|Any CPU.Build.0 = Debug|Any CPU
		{A0E5689E-E7F0-4E51-AD3E-BEA9F601D11F}.Release|Any CPU.ActiveCfg = Release|Any CPU
		{A0E5689E-E7F0-4E51-AD3E-BEA9F601D11F}.Release|Any CPU.Build.0 = Release|Any CPU
		{BEF94DE7-50CF-4950-98A6-93C793565402}.Debug|Any CPU.ActiveCfg = Debug|Any CPU
		{BEF94DE7-50CF-4950-98A6-93C793565402}.Debug|Any CPU.Build.0 = Debug|Any CPU
		{BEF94DE7-50CF-4950-98A6-93C793565402}.Release|Any CPU.ActiveCfg = Release|Any CPU
		{BEF94DE7-50CF-4950-98A6-93C793565402}.Release|Any CPU.Build.0 = Release|Any CPU
		{119A73B4-CE93-45C0-A2BE-5925BE10EAC4}.Debug|Any CPU.ActiveCfg = Debug|Any CPU
		{119A73B4-CE93-45C0-A2BE-5925BE10EAC4}.Debug|Any CPU.Build.0 = Debug|Any CPU
		{119A73B4-CE93-45C0-A2BE-5925BE10EAC4}.Release|Any CPU.ActiveCfg = Release|Any CPU
		{119A73B4-CE93-45C0-A2BE-5925BE10EAC4}.Release|Any CPU.Build.0 = Release|Any CPU
	EndGlobalSection
	GlobalSection(SolutionProperties) = preSolution
		HideSolutionNode = FALSE
	EndGlobalSection
	GlobalSection(ExtensibilityGlobals) = postSolution
		SolutionGuid = {DA40B6CC-72AD-4448-93FE-92A6F3233D7A}
	EndGlobalSection
EndGlobal
